// !$*UTF8*$!
{
	archiveVersion = 1;
	classes = {
	};
	objectVersion = 50;
	objects = {

/* Begin PBXBuildFile section */
		6483D00F2446EBF600BB377C /* HDCourseModel.swift in Sources */ = {isa = PBXBuildFile; fileRef = 6483D00E2446EBF600BB377C /* HDCourseModel.swift */; };
		6483D0112446EEA100BB377C /* HDDiscoverHomeItemModel.swift in Sources */ = {isa = PBXBuildFile; fileRef = 6483D0102446EEA100BB377C /* HDDiscoverHomeItemModel.swift */; };
		6483D0132446F0EC00BB377C /* HDDiscoverHomeDisplayDataModel.swift in Sources */ = {isa = PBXBuildFile; fileRef = 6483D0122446F0EC00BB377C /* HDDiscoverHomeDisplayDataModel.swift */; };
		6483D0152446F23B00BB377C /* HDDiscoverHomeSkuListModel.swift in Sources */ = {isa = PBXBuildFile; fileRef = 6483D0142446F23B00BB377C /* HDDiscoverHomeSkuListModel.swift */; };
		6483D0172446F37F00BB377C /* HDDiscoverHomeInviteInfoModel.swift in Sources */ = {isa = PBXBuildFile; fileRef = 6483D0162446F37F00BB377C /* HDDiscoverHomeInviteInfoModel.swift */; };
		6483D0192446F3DA00BB377C /* HDDiscoverHomeGoodsItemModel.swift in Sources */ = {isa = PBXBuildFile; fileRef = 6483D0182446F3DA00BB377C /* HDDiscoverHomeGoodsItemModel.swift */; };
		6483D01B2446F56300BB377C /* HDDiscoverHomeImageDataModel.swift in Sources */ = {isa = PBXBuildFile; fileRef = 6483D01A2446F56300BB377C /* HDDiscoverHomeImageDataModel.swift */; };
		6483D01D2446F64E00BB377C /* HDDiscoverHomeTitleInfoModel.swift in Sources */ = {isa = PBXBuildFile; fileRef = 6483D01C2446F64E00BB377C /* HDDiscoverHomeTitleInfoModel.swift */; };
		6483D0212446F96B00BB377C /* HDCourseLeftRightInfoModel.swift in Sources */ = {isa = PBXBuildFile; fileRef = 6483D0202446F96B00BB377C /* HDCourseLeftRightInfoModel.swift */; };
		6483D0232446F9B600BB377C /* HDTagListModel.swift in Sources */ = {isa = PBXBuildFile; fileRef = 6483D0222446F9B600BB377C /* HDTagListModel.swift */; };
		6483D0262446FB2200BB377C /* HDCommonMethods.swift in Sources */ = {isa = PBXBuildFile; fileRef = 6483D0252446FB2200BB377C /* HDCommonMethods.swift */; };
		6483D0282446FD4300BB377C /* HDStringExtension.swift in Sources */ = {isa = PBXBuildFile; fileRef = 6483D0272446FD4300BB377C /* HDStringExtension.swift */; };
		6483D02A2447039300BB377C /* HDDiscoverHomeBespeakInfoModel.swift in Sources */ = {isa = PBXBuildFile; fileRef = 6483D0292447039300BB377C /* HDDiscoverHomeBespeakInfoModel.swift */; };
		6483D02C2447055800BB377C /* HDDiscoverHomeCourseLongInfoModel.swift in Sources */ = {isa = PBXBuildFile; fileRef = 6483D02B2447055800BB377C /* HDDiscoverHomeCourseLongInfoModel.swift */; };
		6483D02E2447057700BB377C /* HDDiscoverHomeSsliveItemModel.swift in Sources */ = {isa = PBXBuildFile; fileRef = 6483D02D2447057700BB377C /* HDDiscoverHomeSsliveItemModel.swift */; };
		6483D032244705CA00BB377C /* HDDiscoverHomeSvideoItemModel.swift in Sources */ = {isa = PBXBuildFile; fileRef = 6483D031244705CA00BB377C /* HDDiscoverHomeSvideoItemModel.swift */; };
		6483D034244705F900BB377C /* HDDiscoverHomeGoodsInfoModel.swift in Sources */ = {isa = PBXBuildFile; fileRef = 6483D033244705F900BB377C /* HDDiscoverHomeGoodsInfoModel.swift */; };
		6483D0362447060200BB377C /* HDDiscoverHomeArticleInfoModel.swift in Sources */ = {isa = PBXBuildFile; fileRef = 6483D0352447060200BB377C /* HDDiscoverHomeArticleInfoModel.swift */; };
		6483D0382447060D00BB377C /* HDDiscoverHomeDiscussTopicModel.swift in Sources */ = {isa = PBXBuildFile; fileRef = 6483D0372447060D00BB377C /* HDDiscoverHomeDiscussTopicModel.swift */; };
		6483D03A2447061700BB377C /* HDDiscoverHomeCategoryItemModel.swift in Sources */ = {isa = PBXBuildFile; fileRef = 6483D0392447061700BB377C /* HDDiscoverHomeCategoryItemModel.swift */; };
		6483D03C2447083400BB377C /* HDTeacherModel.swift in Sources */ = {isa = PBXBuildFile; fileRef = 6483D03B2447083400BB377C /* HDTeacherModel.swift */; };
		6483D03E244708F100BB377C /* HDCourseMultiTitlesModel.swift in Sources */ = {isa = PBXBuildFile; fileRef = 6483D03D244708F100BB377C /* HDCourseMultiTitlesModel.swift */; };
		6483D04424470FF100BB377C /* HDLoginController.swift in Sources */ = {isa = PBXBuildFile; fileRef = 6483D04324470FF100BB377C /* HDLoginController.swift */; };
		6483D04924471E9300BB377C /* HDStringConst.swift in Sources */ = {isa = PBXBuildFile; fileRef = 6483D04824471E9300BB377C /* HDStringConst.swift */; };
		6483D04B2447203700BB377C /* HDUserModel.swift in Sources */ = {isa = PBXBuildFile; fileRef = 6483D04A2447203700BB377C /* HDUserModel.swift */; };
		64DF8F8D243D7E5D00303E03 /* HDNetConst.swift in Sources */ = {isa = PBXBuildFile; fileRef = 64DF8F8C243D7E5D00303E03 /* HDNetConst.swift */; };
		64DF8F8F243DA2F800303E03 /* HDDiscoverNetUrl.swift in Sources */ = {isa = PBXBuildFile; fileRef = 64DF8F8E243DA2F800303E03 /* HDDiscoverNetUrl.swift */; };
		64DF8F96243DA5D500303E03 /* HDBaseViewController.swift in Sources */ = {isa = PBXBuildFile; fileRef = 64DF8F95243DA5D500303E03 /* HDBaseViewController.swift */; };
		64DF8F98243DA5E900303E03 /* HDBaseModel.swift in Sources */ = {isa = PBXBuildFile; fileRef = 64DF8F97243DA5E900303E03 /* HDBaseModel.swift */; };
		64DF8F9A243DB62700303E03 /* HDDiscoverLunBoModel.swift in Sources */ = {isa = PBXBuildFile; fileRef = 64DF8F99243DB62700303E03 /* HDDiscoverLunBoModel.swift */; };
		64DF8F9C243DB95B00303E03 /* HDDiscoverNetworkTools.swift in Sources */ = {isa = PBXBuildFile; fileRef = 64DF8F9B243DB95B00303E03 /* HDDiscoverNetworkTools.swift */; };
		64DF8F9E243DDEE800303E03 /* HDDiscoverHomeInfoModel.swift in Sources */ = {isa = PBXBuildFile; fileRef = 64DF8F9D243DDEE800303E03 /* HDDiscoverHomeInfoModel.swift */; };
		653BF14D26B70D7AC5E3A220 /* Pods_yanxishe_swift.framework in Frameworks */ = {isa = PBXBuildFile; fileRef = C703BE4DFB7259097D13CFE0 /* Pods_yanxishe_swift.framework */; };
		9B1E9F5624382CDE00895049 /* HDPurchasedViewController.swift in Sources */ = {isa = PBXBuildFile; fileRef = 9B1E9F5524382CDE00895049 /* HDPurchasedViewController.swift */; };
		9B1E9F5924382D0100895049 /* HDExerciseViewController.swift in Sources */ = {isa = PBXBuildFile; fileRef = 9B1E9F5824382D0100895049 /* HDExerciseViewController.swift */; };
		9B1E9F5C24382D2B00895049 /* HDMainViewController.swift in Sources */ = {isa = PBXBuildFile; fileRef = 9B1E9F5B24382D2B00895049 /* HDMainViewController.swift */; };
		9B1E9F5E24382E0500895049 /* HDAppDelegateTool.swift in Sources */ = {isa = PBXBuildFile; fileRef = 9B1E9F5D24382E0500895049 /* HDAppDelegateTool.swift */; };
		9B1E9F602438306900895049 /* HDTabBarController.swift in Sources */ = {isa = PBXBuildFile; fileRef = 9B1E9F5F2438306900895049 /* HDTabBarController.swift */; };
		9B1E9F622438308A00895049 /* HDNavigationController.swift in Sources */ = {isa = PBXBuildFile; fileRef = 9B1E9F612438308A00895049 /* HDNavigationController.swift */; };
		9B1E9F65243834BF00895049 /* HDSizeConst.swift in Sources */ = {isa = PBXBuildFile; fileRef = 9B1E9F64243834BF00895049 /* HDSizeConst.swift */; };
		9B1E9F6824383BCC00895049 /* HDColorExtension.swift in Sources */ = {isa = PBXBuildFile; fileRef = 9B1E9F6724383BCC00895049 /* HDColorExtension.swift */; };
		9B1E9F6A24383EA200895049 /* HDViewExtension.swift in Sources */ = {isa = PBXBuildFile; fileRef = 9B1E9F6924383EA200895049 /* HDViewExtension.swift */; };
		9B23520824376421001FBA46 /* HDAppDelegate.swift in Sources */ = {isa = PBXBuildFile; fileRef = 9B23520724376421001FBA46 /* HDAppDelegate.swift */; };
		9B23521124376421001FBA46 /* Assets.xcassets in Resources */ = {isa = PBXBuildFile; fileRef = 9B23521024376421001FBA46 /* Assets.xcassets */; };
		9B23521424376421001FBA46 /* LaunchScreen.storyboard in Resources */ = {isa = PBXBuildFile; fileRef = 9B23521224376421001FBA46 /* LaunchScreen.storyboard */; };
		9B23521E24376498001FBA46 /* HDDiscoverViewController.swift in Sources */ = {isa = PBXBuildFile; fileRef = 9B23521D24376498001FBA46 /* HDDiscoverViewController.swift */; };
/* End PBXBuildFile section */

/* Begin PBXFileReference section */
		20236FD22B47730B8F710A21 /* Pods-yanxishe-swift.release.xcconfig */ = {isa = PBXFileReference; includeInIndex = 1; lastKnownFileType = text.xcconfig; name = "Pods-yanxishe-swift.release.xcconfig"; path = "Pods/Target Support Files/Pods-yanxishe-swift/Pods-yanxishe-swift.release.xcconfig"; sourceTree = "<group>"; };
		6483D00E2446EBF600BB377C /* HDCourseModel.swift */ = {isa = PBXFileReference; lastKnownFileType = sourcecode.swift; path = HDCourseModel.swift; sourceTree = "<group>"; };
		6483D0102446EEA100BB377C /* HDDiscoverHomeItemModel.swift */ = {isa = PBXFileReference; lastKnownFileType = sourcecode.swift; path = HDDiscoverHomeItemModel.swift; sourceTree = "<group>"; };
		6483D0122446F0EC00BB377C /* HDDiscoverHomeDisplayDataModel.swift */ = {isa = PBXFileReference; lastKnownFileType = sourcecode.swift; path = HDDiscoverHomeDisplayDataModel.swift; sourceTree = "<group>"; };
		6483D0142446F23B00BB377C /* HDDiscoverHomeSkuListModel.swift */ = {isa = PBXFileReference; lastKnownFileType = sourcecode.swift; path = HDDiscoverHomeSkuListModel.swift; sourceTree = "<group>"; };
		6483D0162446F37F00BB377C /* HDDiscoverHomeInviteInfoModel.swift */ = {isa = PBXFileReference; lastKnownFileType = sourcecode.swift; path = HDDiscoverHomeInviteInfoModel.swift; sourceTree = "<group>"; };
		6483D0182446F3DA00BB377C /* HDDiscoverHomeGoodsItemModel.swift */ = {isa = PBXFileReference; lastKnownFileType = sourcecode.swift; path = HDDiscoverHomeGoodsItemModel.swift; sourceTree = "<group>"; };
		6483D01A2446F56300BB377C /* HDDiscoverHomeImageDataModel.swift */ = {isa = PBXFileReference; lastKnownFileType = sourcecode.swift; path = HDDiscoverHomeImageDataModel.swift; sourceTree = "<group>"; };
		6483D01C2446F64E00BB377C /* HDDiscoverHomeTitleInfoModel.swift */ = {isa = PBXFileReference; lastKnownFileType = sourcecode.swift; path = HDDiscoverHomeTitleInfoModel.swift; sourceTree = "<group>"; };
		6483D0202446F96B00BB377C /* HDCourseLeftRightInfoModel.swift */ = {isa = PBXFileReference; lastKnownFileType = sourcecode.swift; path = HDCourseLeftRightInfoModel.swift; sourceTree = "<group>"; };
		6483D0222446F9B600BB377C /* HDTagListModel.swift */ = {isa = PBXFileReference; lastKnownFileType = sourcecode.swift; path = HDTagListModel.swift; sourceTree = "<group>"; };
		6483D0252446FB2200BB377C /* HDCommonMethods.swift */ = {isa = PBXFileReference; lastKnownFileType = sourcecode.swift; path = HDCommonMethods.swift; sourceTree = "<group>"; };
		6483D0272446FD4300BB377C /* HDStringExtension.swift */ = {isa = PBXFileReference; lastKnownFileType = sourcecode.swift; path = HDStringExtension.swift; sourceTree = "<group>"; };
		6483D0292447039300BB377C /* HDDiscoverHomeBespeakInfoModel.swift */ = {isa = PBXFileReference; lastKnownFileType = sourcecode.swift; path = HDDiscoverHomeBespeakInfoModel.swift; sourceTree = "<group>"; };
		6483D02B2447055800BB377C /* HDDiscoverHomeCourseLongInfoModel.swift */ = {isa = PBXFileReference; lastKnownFileType = sourcecode.swift; path = HDDiscoverHomeCourseLongInfoModel.swift; sourceTree = "<group>"; };
		6483D02D2447057700BB377C /* HDDiscoverHomeSsliveItemModel.swift */ = {isa = PBXFileReference; lastKnownFileType = sourcecode.swift; path = HDDiscoverHomeSsliveItemModel.swift; sourceTree = "<group>"; };
		6483D031244705CA00BB377C /* HDDiscoverHomeSvideoItemModel.swift */ = {isa = PBXFileReference; lastKnownFileType = sourcecode.swift; path = HDDiscoverHomeSvideoItemModel.swift; sourceTree = "<group>"; };
		6483D033244705F900BB377C /* HDDiscoverHomeGoodsInfoModel.swift */ = {isa = PBXFileReference; lastKnownFileType = sourcecode.swift; path = HDDiscoverHomeGoodsInfoModel.swift; sourceTree = "<group>"; };
		6483D0352447060200BB377C /* HDDiscoverHomeArticleInfoModel.swift */ = {isa = PBXFileReference; lastKnownFileType = sourcecode.swift; path = HDDiscoverHomeArticleInfoModel.swift; sourceTree = "<group>"; };
		6483D0372447060D00BB377C /* HDDiscoverHomeDiscussTopicModel.swift */ = {isa = PBXFileReference; lastKnownFileType = sourcecode.swift; path = HDDiscoverHomeDiscussTopicModel.swift; sourceTree = "<group>"; };
		6483D0392447061700BB377C /* HDDiscoverHomeCategoryItemModel.swift */ = {isa = PBXFileReference; lastKnownFileType = sourcecode.swift; path = HDDiscoverHomeCategoryItemModel.swift; sourceTree = "<group>"; };
		6483D03B2447083400BB377C /* HDTeacherModel.swift */ = {isa = PBXFileReference; lastKnownFileType = sourcecode.swift; path = HDTeacherModel.swift; sourceTree = "<group>"; };
		6483D03D244708F100BB377C /* HDCourseMultiTitlesModel.swift */ = {isa = PBXFileReference; lastKnownFileType = sourcecode.swift; path = HDCourseMultiTitlesModel.swift; sourceTree = "<group>"; };
		6483D04324470FF100BB377C /* HDLoginController.swift */ = {isa = PBXFileReference; lastKnownFileType = sourcecode.swift; path = HDLoginController.swift; sourceTree = "<group>"; };
		6483D0462447103D00BB377C /* login.mp4 */ = {isa = PBXFileReference; lastKnownFileType = file; path = login.mp4; sourceTree = "<group>"; };
		6483D0472447195000BB377C /* PrefixHeader.swift */ = {isa = PBXFileReference; lastKnownFileType = sourcecode.swift; path = PrefixHeader.swift; sourceTree = "<group>"; };
		6483D04824471E9300BB377C /* HDStringConst.swift */ = {isa = PBXFileReference; lastKnownFileType = sourcecode.swift; path = HDStringConst.swift; sourceTree = "<group>"; };
		6483D04A2447203700BB377C /* HDUserModel.swift */ = {isa = PBXFileReference; lastKnownFileType = sourcecode.swift; path = HDUserModel.swift; sourceTree = "<group>"; };
		64DF8F8C243D7E5D00303E03 /* HDNetConst.swift */ = {isa = PBXFileReference; lastKnownFileType = sourcecode.swift; path = HDNetConst.swift; sourceTree = "<group>"; };
		64DF8F8E243DA2F800303E03 /* HDDiscoverNetUrl.swift */ = {isa = PBXFileReference; lastKnownFileType = sourcecode.swift; path = HDDiscoverNetUrl.swift; sourceTree = "<group>"; };
		64DF8F95243DA5D500303E03 /* HDBaseViewController.swift */ = {isa = PBXFileReference; lastKnownFileType = sourcecode.swift; path = HDBaseViewController.swift; sourceTree = "<group>"; };
		64DF8F97243DA5E900303E03 /* HDBaseModel.swift */ = {isa = PBXFileReference; lastKnownFileType = sourcecode.swift; path = HDBaseModel.swift; sourceTree = "<group>"; };
		64DF8F99243DB62700303E03 /* HDDiscoverLunBoModel.swift */ = {isa = PBXFileReference; lastKnownFileType = sourcecode.swift; path = HDDiscoverLunBoModel.swift; sourceTree = "<group>"; };
		64DF8F9B243DB95B00303E03 /* HDDiscoverNetworkTools.swift */ = {isa = PBXFileReference; lastKnownFileType = sourcecode.swift; path = HDDiscoverNetworkTools.swift; sourceTree = "<group>"; };
		64DF8F9D243DDEE800303E03 /* HDDiscoverHomeInfoModel.swift */ = {isa = PBXFileReference; lastKnownFileType = sourcecode.swift; path = HDDiscoverHomeInfoModel.swift; sourceTree = "<group>"; };
		83EC71AE2ACEC10FD6D22006 /* Pods-yanxishe-swift.debug.xcconfig */ = {isa = PBXFileReference; includeInIndex = 1; lastKnownFileType = text.xcconfig; name = "Pods-yanxishe-swift.debug.xcconfig"; path = "Pods/Target Support Files/Pods-yanxishe-swift/Pods-yanxishe-swift.debug.xcconfig"; sourceTree = "<group>"; };
		9B1E9F5524382CDE00895049 /* HDPurchasedViewController.swift */ = {isa = PBXFileReference; lastKnownFileType = sourcecode.swift; path = HDPurchasedViewController.swift; sourceTree = "<group>"; };
		9B1E9F5824382D0100895049 /* HDExerciseViewController.swift */ = {isa = PBXFileReference; lastKnownFileType = sourcecode.swift; path = HDExerciseViewController.swift; sourceTree = "<group>"; };
		9B1E9F5B24382D2B00895049 /* HDMainViewController.swift */ = {isa = PBXFileReference; lastKnownFileType = sourcecode.swift; path = HDMainViewController.swift; sourceTree = "<group>"; };
		9B1E9F5D24382E0500895049 /* HDAppDelegateTool.swift */ = {isa = PBXFileReference; lastKnownFileType = sourcecode.swift; path = HDAppDelegateTool.swift; sourceTree = "<group>"; };
		9B1E9F5F2438306900895049 /* HDTabBarController.swift */ = {isa = PBXFileReference; lastKnownFileType = sourcecode.swift; path = HDTabBarController.swift; sourceTree = "<group>"; };
		9B1E9F612438308A00895049 /* HDNavigationController.swift */ = {isa = PBXFileReference; lastKnownFileType = sourcecode.swift; path = HDNavigationController.swift; sourceTree = "<group>"; };
		9B1E9F64243834BF00895049 /* HDSizeConst.swift */ = {isa = PBXFileReference; lastKnownFileType = sourcecode.swift; path = HDSizeConst.swift; sourceTree = "<group>"; };
		9B1E9F6724383BCC00895049 /* HDColorExtension.swift */ = {isa = PBXFileReference; lastKnownFileType = sourcecode.swift; path = HDColorExtension.swift; sourceTree = "<group>"; };
		9B1E9F6924383EA200895049 /* HDViewExtension.swift */ = {isa = PBXFileReference; lastKnownFileType = sourcecode.swift; path = HDViewExtension.swift; sourceTree = "<group>"; };
		9B23520424376421001FBA46 /* yanxishe-swift.app */ = {isa = PBXFileReference; explicitFileType = wrapper.application; includeInIndex = 0; path = "yanxishe-swift.app"; sourceTree = BUILT_PRODUCTS_DIR; };
		9B23520724376421001FBA46 /* HDAppDelegate.swift */ = {isa = PBXFileReference; lastKnownFileType = sourcecode.swift; path = HDAppDelegate.swift; sourceTree = "<group>"; };
		9B23521024376421001FBA46 /* Assets.xcassets */ = {isa = PBXFileReference; lastKnownFileType = folder.assetcatalog; path = Assets.xcassets; sourceTree = "<group>"; };
		9B23521324376421001FBA46 /* Base */ = {isa = PBXFileReference; lastKnownFileType = file.storyboard; name = Base; path = Base.lproj/LaunchScreen.storyboard; sourceTree = "<group>"; };
		9B23521524376421001FBA46 /* Info.plist */ = {isa = PBXFileReference; lastKnownFileType = text.plist.xml; path = Info.plist; sourceTree = "<group>"; };
		9B23521D24376498001FBA46 /* HDDiscoverViewController.swift */ = {isa = PBXFileReference; lastKnownFileType = sourcecode.swift; path = HDDiscoverViewController.swift; sourceTree = "<group>"; };
		C703BE4DFB7259097D13CFE0 /* Pods_yanxishe_swift.framework */ = {isa = PBXFileReference; explicitFileType = wrapper.framework; includeInIndex = 0; path = Pods_yanxishe_swift.framework; sourceTree = BUILT_PRODUCTS_DIR; };
/* End PBXFileReference section */

/* Begin PBXFrameworksBuildPhase section */
		9B23520124376421001FBA46 /* Frameworks */ = {
			isa = PBXFrameworksBuildPhase;
			buildActionMask = 2147483647;
			files = (
				653BF14D26B70D7AC5E3A220 /* Pods_yanxishe_swift.framework in Frameworks */,
			);
			runOnlyForDeploymentPostprocessing = 0;
		};
/* End PBXFrameworksBuildPhase section */

/* Begin PBXGroup section */
		02DCD223B7F27F1F75508152 /* Pods */ = {
			isa = PBXGroup;
			children = (
				83EC71AE2ACEC10FD6D22006 /* Pods-yanxishe-swift.debug.xcconfig */,
				20236FD22B47730B8F710A21 /* Pods-yanxishe-swift.release.xcconfig */,
			);
			name = Pods;
			sourceTree = "<group>";
		};
		6483D00C2446EBB800BB377C /* Common(公共) */ = {
			isa = PBXGroup;
			children = (
				6483D0242446FB0100BB377C /* methods */,
				6483D00D2446EBD700BB377C /* models */,
			);
			path = "Common(公共)";
			sourceTree = "<group>";
		};
		6483D00D2446EBD700BB377C /* models */ = {
			isa = PBXGroup;
			children = (
				6483D00E2446EBF600BB377C /* HDCourseModel.swift */,
				6483D0202446F96B00BB377C /* HDCourseLeftRightInfoModel.swift */,
				6483D0222446F9B600BB377C /* HDTagListModel.swift */,
				6483D03B2447083400BB377C /* HDTeacherModel.swift */,
				6483D03D244708F100BB377C /* HDCourseMultiTitlesModel.swift */,
			);
			path = models;
			sourceTree = "<group>";
		};
		6483D0242446FB0100BB377C /* methods */ = {
			isa = PBXGroup;
			children = (
				6483D0252446FB2200BB377C /* HDCommonMethods.swift */,
			);
			path = methods;
			sourceTree = "<group>";
		};
		6483D03F24470F8700BB377C /* Login(登陆) */ = {
			isa = PBXGroup;
			children = (
				6483D04124470FCA00BB377C /* Controller */,
				6483D04024470FCA00BB377C /* Model */,
				6483D04224470FCA00BB377C /* View */,
			);
			path = "Login(登陆)";
			sourceTree = "<group>";
		};
		6483D04024470FCA00BB377C /* Model */ = {
			isa = PBXGroup;
			children = (
				6483D04A2447203700BB377C /* HDUserModel.swift */,
			);
			path = Model;
			sourceTree = "<group>";
		};
		6483D04124470FCA00BB377C /* Controller */ = {
			isa = PBXGroup;
			children = (
				6483D04324470FF100BB377C /* HDLoginController.swift */,
			);
			path = Controller;
			sourceTree = "<group>";
		};
		6483D04224470FCA00BB377C /* View */ = {
			isa = PBXGroup;
			children = (
			);
			path = View;
			sourceTree = "<group>";
		};
		6483D04524470FF900BB377C /* Resource(资源) */ = {
			isa = PBXGroup;
			children = (
				6483D0462447103D00BB377C /* login.mp4 */,
			);
			path = "Resource(资源)";
			sourceTree = "<group>";
		};
		64DF8F90243DA4A700303E03 /* Model */ = {
			isa = PBXGroup;
			children = (
				64DF8F99243DB62700303E03 /* HDDiscoverLunBoModel.swift */,
				64DF8F9D243DDEE800303E03 /* HDDiscoverHomeInfoModel.swift */,
				6483D0102446EEA100BB377C /* HDDiscoverHomeItemModel.swift */,
				6483D0122446F0EC00BB377C /* HDDiscoverHomeDisplayDataModel.swift */,
				6483D0142446F23B00BB377C /* HDDiscoverHomeSkuListModel.swift */,
				6483D0162446F37F00BB377C /* HDDiscoverHomeInviteInfoModel.swift */,
				6483D0182446F3DA00BB377C /* HDDiscoverHomeGoodsItemModel.swift */,
				6483D01A2446F56300BB377C /* HDDiscoverHomeImageDataModel.swift */,
				6483D01C2446F64E00BB377C /* HDDiscoverHomeTitleInfoModel.swift */,
				6483D0292447039300BB377C /* HDDiscoverHomeBespeakInfoModel.swift */,
				6483D02B2447055800BB377C /* HDDiscoverHomeCourseLongInfoModel.swift */,
				6483D02D2447057700BB377C /* HDDiscoverHomeSsliveItemModel.swift */,
				6483D031244705CA00BB377C /* HDDiscoverHomeSvideoItemModel.swift */,
				6483D033244705F900BB377C /* HDDiscoverHomeGoodsInfoModel.swift */,
				6483D0352447060200BB377C /* HDDiscoverHomeArticleInfoModel.swift */,
				6483D0372447060D00BB377C /* HDDiscoverHomeDiscussTopicModel.swift */,
				6483D0392447061700BB377C /* HDDiscoverHomeCategoryItemModel.swift */,
			);
			path = Model;
			sourceTree = "<group>";
		};
		64DF8F91243DA4A700303E03 /* Controller */ = {
			isa = PBXGroup;
			children = (
				9B23521D24376498001FBA46 /* HDDiscoverViewController.swift */,
			);
			path = Controller;
			sourceTree = "<group>";
		};
		64DF8F92243DA4A700303E03 /* View */ = {
			isa = PBXGroup;
			children = (
			);
			path = View;
			sourceTree = "<group>";
		};
		64DF8F93243DA4A800303E03 /* ViewModel */ = {
			isa = PBXGroup;
			children = (
				64DF8F8E243DA2F800303E03 /* HDDiscoverNetUrl.swift */,
				64DF8F9B243DB95B00303E03 /* HDDiscoverNetworkTools.swift */,
			);
			path = ViewModel;
			sourceTree = "<group>";
		};
		64DF8F94243DA5B100303E03 /* Base(基类) */ = {
			isa = PBXGroup;
			children = (
				64DF8F95243DA5D500303E03 /* HDBaseViewController.swift */,
				64DF8F97243DA5E900303E03 /* HDBaseModel.swift */,
			);
			path = "Base(基类)";
			sourceTree = "<group>";
		};
		9B1E9F5424382C1300895049 /* Purchase(购买) */ = {
			isa = PBXGroup;
			children = (
				9B1E9F5524382CDE00895049 /* HDPurchasedViewController.swift */,
			);
			path = "Purchase(购买)";
			sourceTree = "<group>";
		};
		9B1E9F5724382CF100895049 /* Exercise(练习) */ = {
			isa = PBXGroup;
			children = (
				9B1E9F5824382D0100895049 /* HDExerciseViewController.swift */,
			);
			path = "Exercise(练习)";
			sourceTree = "<group>";
		};
		9B1E9F5A24382D1B00895049 /* Main(我的) */ = {
			isa = PBXGroup;
			children = (
				9B1E9F5B24382D2B00895049 /* HDMainViewController.swift */,
			);
			path = "Main(我的)";
			sourceTree = "<group>";
		};
		9B1E9F632438347800895049 /* Const(常量) */ = {
			isa = PBXGroup;
			children = (
				9B1E9F64243834BF00895049 /* HDSizeConst.swift */,
				64DF8F8C243D7E5D00303E03 /* HDNetConst.swift */,
				6483D04824471E9300BB377C /* HDStringConst.swift */,
			);
			path = "Const(常量)";
			sourceTree = "<group>";
		};
		9B1E9F6624383B1400895049 /* Extension(扩展） */ = {
			isa = PBXGroup;
			children = (
				9B1E9F6724383BCC00895049 /* HDColorExtension.swift */,
				9B1E9F6924383EA200895049 /* HDViewExtension.swift */,
				6483D0272446FD4300BB377C /* HDStringExtension.swift */,
			);
			path = "Extension(扩展）";
			sourceTree = "<group>";
		};
		9B2351FB24376421001FBA46 = {
			isa = PBXGroup;
			children = (
				9B23520624376421001FBA46 /* yanxishe-swift */,
				9B23520524376421001FBA46 /* Products */,
				02DCD223B7F27F1F75508152 /* Pods */,
				B39D41590C7E289CFEB6050A /* Frameworks */,
			);
			sourceTree = "<group>";
		};
		9B23520524376421001FBA46 /* Products */ = {
			isa = PBXGroup;
			children = (
				9B23520424376421001FBA46 /* yanxishe-swift.app */,
			);
			name = Products;
			sourceTree = "<group>";
		};
		9B23520624376421001FBA46 /* yanxishe-swift */ = {
			isa = PBXGroup;
			children = (
				9B23521024376421001FBA46 /* Assets.xcassets */,
				9B23521B2437643C001FBA46 /* Main */,
				9B23521C2437644A001FBA46 /* Discover(发现) */,
				9B1E9F5424382C1300895049 /* Purchase(购买) */,
				9B1E9F5724382CF100895049 /* Exercise(练习) */,
				9B1E9F5A24382D1B00895049 /* Main(我的) */,
				64DF8F94243DA5B100303E03 /* Base(基类) */,
				9B1E9F6624383B1400895049 /* Extension(扩展） */,
				9B1E9F632438347800895049 /* Const(常量) */,
				6483D00C2446EBB800BB377C /* Common(公共) */,
				6483D04524470FF900BB377C /* Resource(资源) */,
			);
			path = "yanxishe-swift";
			sourceTree = "<group>";
		};
		9B23521B2437643C001FBA46 /* Main */ = {
			isa = PBXGroup;
			children = (
				9B23520724376421001FBA46 /* HDAppDelegate.swift */,
				9B1E9F5D24382E0500895049 /* HDAppDelegateTool.swift */,
				9B1E9F5F2438306900895049 /* HDTabBarController.swift */,
				9B1E9F612438308A00895049 /* HDNavigationController.swift */,
				6483D0472447195000BB377C /* PrefixHeader.swift */,
				9B23521224376421001FBA46 /* LaunchScreen.storyboard */,
				9B23521524376421001FBA46 /* Info.plist */,
				6483D03F24470F8700BB377C /* Login(登陆) */,
			);
			path = Main;
			sourceTree = "<group>";
		};
		9B23521C2437644A001FBA46 /* Discover(发现) */ = {
			isa = PBXGroup;
			children = (
				64DF8F93243DA4A800303E03 /* ViewModel */,
				64DF8F91243DA4A700303E03 /* Controller */,
				64DF8F90243DA4A700303E03 /* Model */,
				64DF8F92243DA4A700303E03 /* View */,
			);
			path = "Discover(发现)";
			sourceTree = "<group>";
		};
		B39D41590C7E289CFEB6050A /* Frameworks */ = {
			isa = PBXGroup;
			children = (
				C703BE4DFB7259097D13CFE0 /* Pods_yanxishe_swift.framework */,
			);
			name = Frameworks;
			sourceTree = "<group>";
		};
/* End PBXGroup section */

/* Begin PBXNativeTarget section */
		9B23520324376421001FBA46 /* yanxishe-swift */ = {
			isa = PBXNativeTarget;
			buildConfigurationList = 9B23521824376421001FBA46 /* Build configuration list for PBXNativeTarget "yanxishe-swift" */;
			buildPhases = (
				6C4DB099A5587252B9A4B435 /* [CP] Check Pods Manifest.lock */,
				9B23520024376421001FBA46 /* Sources */,
				9B23520124376421001FBA46 /* Frameworks */,
				9B23520224376421001FBA46 /* Resources */,
				F8B4C9D0610FF63DC347D714 /* [CP] Embed Pods Frameworks */,
			);
			buildRules = (
			);
			dependencies = (
			);
			name = "yanxishe-swift";
			productName = "yanxishe-swift";
			productReference = 9B23520424376421001FBA46 /* yanxishe-swift.app */;
			productType = "com.apple.product-type.application";
		};
/* End PBXNativeTarget section */

/* Begin PBXProject section */
		9B2351FC24376421001FBA46 /* Project object */ = {
			isa = PBXProject;
			attributes = {
				CLASSPREFIX = HD;
				LastSwiftUpdateCheck = 1130;
				LastUpgradeCheck = 1130;
				ORGANIZATIONNAME = rumble;
				TargetAttributes = {
					9B23520324376421001FBA46 = {
						CreatedOnToolsVersion = 11.3.1;
					};
				};
			};
			buildConfigurationList = 9B2351FF24376421001FBA46 /* Build configuration list for PBXProject "yanxishe-swift" */;
			compatibilityVersion = "Xcode 9.3";
			developmentRegion = en;
			hasScannedForEncodings = 0;
			knownRegions = (
				en,
				Base,
			);
			mainGroup = 9B2351FB24376421001FBA46;
			productRefGroup = 9B23520524376421001FBA46 /* Products */;
			projectDirPath = "";
			projectRoot = "";
			targets = (
				9B23520324376421001FBA46 /* yanxishe-swift */,
			);
		};
/* End PBXProject section */

/* Begin PBXResourcesBuildPhase section */
		9B23520224376421001FBA46 /* Resources */ = {
			isa = PBXResourcesBuildPhase;
			buildActionMask = 2147483647;
			files = (
				9B23521424376421001FBA46 /* LaunchScreen.storyboard in Resources */,
				9B23521124376421001FBA46 /* Assets.xcassets in Resources */,
			);
			runOnlyForDeploymentPostprocessing = 0;
		};
/* End PBXResourcesBuildPhase section */

/* Begin PBXShellScriptBuildPhase section */
		6C4DB099A5587252B9A4B435 /* [CP] Check Pods Manifest.lock */ = {
			isa = PBXShellScriptBuildPhase;
			buildActionMask = 2147483647;
			files = (
			);
			inputPaths = (
				"${PODS_PODFILE_DIR_PATH}/Podfile.lock",
				"${PODS_ROOT}/Manifest.lock",
			);
			name = "[CP] Check Pods Manifest.lock";
			outputPaths = (
				"$(DERIVED_FILE_DIR)/Pods-yanxishe-swift-checkManifestLockResult.txt",
			);
			runOnlyForDeploymentPostprocessing = 0;
			shellPath = /bin/sh;
			shellScript = "diff \"${PODS_PODFILE_DIR_PATH}/Podfile.lock\" \"${PODS_ROOT}/Manifest.lock\" > /dev/null\nif [ $? != 0 ] ; then\n    # print error to STDERR\n    echo \"error: The sandbox is not in sync with the Podfile.lock. Run 'pod install' or update your CocoaPods installation.\" >&2\n    exit 1\nfi\n# This output is used by Xcode 'outputs' to avoid re-running this script phase.\necho \"SUCCESS\" > \"${SCRIPT_OUTPUT_FILE_0}\"\n";
			showEnvVarsInLog = 0;
		};
		F8B4C9D0610FF63DC347D714 /* [CP] Embed Pods Frameworks */ = {
			isa = PBXShellScriptBuildPhase;
			buildActionMask = 2147483647;
			files = (
			);
			inputPaths = (
				"${SRCROOT}/Pods/Target Support Files/Pods-yanxishe-swift/Pods-yanxishe-swift-frameworks.sh",
				"${BUILT_PRODUCTS_DIR}/Alamofire/Alamofire.framework",
				"${BUILT_PRODUCTS_DIR}/HandyJSON/HandyJSON.framework",
				"${BUILT_PRODUCTS_DIR}/Kingfisher/Kingfisher.framework",
				"${BUILT_PRODUCTS_DIR}/MGJRouter_Swift/MGJRouter_Swift.framework",
				"${BUILT_PRODUCTS_DIR}/SnapKit/SnapKit.framework",
			);
			name = "[CP] Embed Pods Frameworks";
			outputPaths = (
				"${TARGET_BUILD_DIR}/${FRAMEWORKS_FOLDER_PATH}/Alamofire.framework",
				"${TARGET_BUILD_DIR}/${FRAMEWORKS_FOLDER_PATH}/HandyJSON.framework",
				"${TARGET_BUILD_DIR}/${FRAMEWORKS_FOLDER_PATH}/Kingfisher.framework",
				"${TARGET_BUILD_DIR}/${FRAMEWORKS_FOLDER_PATH}/MGJRouter_Swift.framework",
				"${TARGET_BUILD_DIR}/${FRAMEWORKS_FOLDER_PATH}/SnapKit.framework",
			);
			runOnlyForDeploymentPostprocessing = 0;
			shellPath = /bin/sh;
			shellScript = "\"${SRCROOT}/Pods/Target Support Files/Pods-yanxishe-swift/Pods-yanxishe-swift-frameworks.sh\"\n";
			showEnvVarsInLog = 0;
		};
/* End PBXShellScriptBuildPhase section */

/* Begin PBXSourcesBuildPhase section */
		9B23520024376421001FBA46 /* Sources */ = {
			isa = PBXSourcesBuildPhase;
			buildActionMask = 2147483647;
			files = (
				6483D03C2447083400BB377C /* HDTeacherModel.swift in Sources */,
				9B1E9F5924382D0100895049 /* HDExerciseViewController.swift in Sources */,
				6483D0192446F3DA00BB377C /* HDDiscoverHomeGoodsItemModel.swift in Sources */,
				64DF8F9E243DDEE800303E03 /* HDDiscoverHomeInfoModel.swift in Sources */,
				64DF8F9A243DB62700303E03 /* HDDiscoverLunBoModel.swift in Sources */,
				9B1E9F6824383BCC00895049 /* HDColorExtension.swift in Sources */,
				6483D01D2446F64E00BB377C /* HDDiscoverHomeTitleInfoModel.swift in Sources */,
				64DF8F98243DA5E900303E03 /* HDBaseModel.swift in Sources */,
				9B23520824376421001FBA46 /* HDAppDelegate.swift in Sources */,
				6483D0282446FD4300BB377C /* HDStringExtension.swift in Sources */,
				6483D02A2447039300BB377C /* HDDiscoverHomeBespeakInfoModel.swift in Sources */,
				6483D0382447060D00BB377C /* HDDiscoverHomeDiscussTopicModel.swift in Sources */,
				6483D0172446F37F00BB377C /* HDDiscoverHomeInviteInfoModel.swift in Sources */,
				6483D032244705CA00BB377C /* HDDiscoverHomeSvideoItemModel.swift in Sources */,
				64DF8F8F243DA2F800303E03 /* HDDiscoverNetUrl.swift in Sources */,
				9B1E9F65243834BF00895049 /* HDSizeConst.swift in Sources */,
				9B23521E24376498001FBA46 /* HDDiscoverViewController.swift in Sources */,
				64DF8F8D243D7E5D00303E03 /* HDNetConst.swift in Sources */,
				9B1E9F5C24382D2B00895049 /* HDMainViewController.swift in Sources */,
				64DF8F9C243DB95B00303E03 /* HDDiscoverNetworkTools.swift in Sources */,
				9B1E9F6A24383EA200895049 /* HDViewExtension.swift in Sources */,
				6483D0262446FB2200BB377C /* HDCommonMethods.swift in Sources */,
				6483D04B2447203700BB377C /* HDUserModel.swift in Sources */,
				6483D0212446F96B00BB377C /* HDCourseLeftRightInfoModel.swift in Sources */,
				6483D034244705F900BB377C /* HDDiscoverHomeGoodsInfoModel.swift in Sources */,
				6483D02C2447055800BB377C /* HDDiscoverHomeCourseLongInfoModel.swift in Sources */,
				9B1E9F602438306900895049 /* HDTabBarController.swift in Sources */,
				6483D02E2447057700BB377C /* HDDiscoverHomeSsliveItemModel.swift in Sources */,
				9B1E9F5E24382E0500895049 /* HDAppDelegateTool.swift in Sources */,
				9B1E9F5624382CDE00895049 /* HDPurchasedViewController.swift in Sources */,
				6483D03A2447061700BB377C /* HDDiscoverHomeCategoryItemModel.swift in Sources */,
				6483D0152446F23B00BB377C /* HDDiscoverHomeSkuListModel.swift in Sources */,
				6483D03E244708F100BB377C /* HDCourseMultiTitlesModel.swift in Sources */,
				6483D0112446EEA100BB377C /* HDDiscoverHomeItemModel.swift in Sources */,
				6483D01B2446F56300BB377C /* HDDiscoverHomeImageDataModel.swift in Sources */,
				6483D04924471E9300BB377C /* HDStringConst.swift in Sources */,
				9B1E9F622438308A00895049 /* HDNavigationController.swift in Sources */,
				6483D0232446F9B600BB377C /* HDTagListModel.swift in Sources */,
				6483D0362447060200BB377C /* HDDiscoverHomeArticleInfoModel.swift in Sources */,
				6483D04424470FF100BB377C /* HDLoginController.swift in Sources */,
				6483D0132446F0EC00BB377C /* HDDiscoverHomeDisplayDataModel.swift in Sources */,
				6483D00F2446EBF600BB377C /* HDCourseModel.swift in Sources */,
				64DF8F96243DA5D500303E03 /* HDBaseViewController.swift in Sources */,
			);
			runOnlyForDeploymentPostprocessing = 0;
		};
/* End PBXSourcesBuildPhase section */

/* Begin PBXVariantGroup section */
		9B23521224376421001FBA46 /* LaunchScreen.storyboard */ = {
			isa = PBXVariantGroup;
			children = (
				9B23521324376421001FBA46 /* Base */,
			);
			name = LaunchScreen.storyboard;
			sourceTree = "<group>";
		};
/* End PBXVariantGroup section */

/* Begin XCBuildConfiguration section */
		9B23521624376421001FBA46 /* Debug */ = {
			isa = XCBuildConfiguration;
			buildSettings = {
				ALWAYS_SEARCH_USER_PATHS = NO;
				CLANG_ANALYZER_NONNULL = YES;
				CLANG_ANALYZER_NUMBER_OBJECT_CONVERSION = YES_AGGRESSIVE;
				CLANG_CXX_LANGUAGE_STANDARD = "gnu++14";
				CLANG_CXX_LIBRARY = "libc++";
				CLANG_ENABLE_MODULES = YES;
				CLANG_ENABLE_OBJC_ARC = YES;
				CLANG_ENABLE_OBJC_WEAK = YES;
				CLANG_WARN_BLOCK_CAPTURE_AUTORELEASING = YES;
				CLANG_WARN_BOOL_CONVERSION = YES;
				CLANG_WARN_COMMA = YES;
				CLANG_WARN_CONSTANT_CONVERSION = YES;
				CLANG_WARN_DEPRECATED_OBJC_IMPLEMENTATIONS = YES;
				CLANG_WARN_DIRECT_OBJC_ISA_USAGE = YES_ERROR;
				CLANG_WARN_DOCUMENTATION_COMMENTS = YES;
				CLANG_WARN_EMPTY_BODY = YES;
				CLANG_WARN_ENUM_CONVERSION = YES;
				CLANG_WARN_INFINITE_RECURSION = YES;
				CLANG_WARN_INT_CONVERSION = YES;
				CLANG_WARN_NON_LITERAL_NULL_CONVERSION = YES;
				CLANG_WARN_OBJC_IMPLICIT_RETAIN_SELF = YES;
				CLANG_WARN_OBJC_LITERAL_CONVERSION = YES;
				CLANG_WARN_OBJC_ROOT_CLASS = YES_ERROR;
				CLANG_WARN_RANGE_LOOP_ANALYSIS = YES;
				CLANG_WARN_STRICT_PROTOTYPES = YES;
				CLANG_WARN_SUSPICIOUS_MOVE = YES;
				CLANG_WARN_UNGUARDED_AVAILABILITY = YES_AGGRESSIVE;
				CLANG_WARN_UNREACHABLE_CODE = YES;
				CLANG_WARN__DUPLICATE_METHOD_MATCH = YES;
				COPY_PHASE_STRIP = NO;
				DEBUG_INFORMATION_FORMAT = dwarf;
				ENABLE_STRICT_OBJC_MSGSEND = YES;
				ENABLE_TESTABILITY = YES;
				GCC_C_LANGUAGE_STANDARD = gnu11;
				GCC_DYNAMIC_NO_PIC = NO;
				GCC_NO_COMMON_BLOCKS = YES;
				GCC_OPTIMIZATION_LEVEL = 0;
				GCC_PREPROCESSOR_DEFINITIONS = (
					"DEBUG=1",
					"$(inherited)",
				);
				GCC_WARN_64_TO_32_BIT_CONVERSION = YES;
				GCC_WARN_ABOUT_RETURN_TYPE = YES_ERROR;
				GCC_WARN_UNDECLARED_SELECTOR = YES;
				GCC_WARN_UNINITIALIZED_AUTOS = YES_AGGRESSIVE;
				GCC_WARN_UNUSED_FUNCTION = YES;
				GCC_WARN_UNUSED_VARIABLE = YES;
				IPHONEOS_DEPLOYMENT_TARGET = 13.2;
				MTL_ENABLE_DEBUG_INFO = INCLUDE_SOURCE;
				MTL_FAST_MATH = YES;
				ONLY_ACTIVE_ARCH = YES;
				SDKROOT = iphoneos;
				SWIFT_ACTIVE_COMPILATION_CONDITIONS = DEBUG;
				SWIFT_OPTIMIZATION_LEVEL = "-Onone";
			};
			name = Debug;
		};
		9B23521724376421001FBA46 /* Release */ = {
			isa = XCBuildConfiguration;
			buildSettings = {
				ALWAYS_SEARCH_USER_PATHS = NO;
				CLANG_ANALYZER_NONNULL = YES;
				CLANG_ANALYZER_NUMBER_OBJECT_CONVERSION = YES_AGGRESSIVE;
				CLANG_CXX_LANGUAGE_STANDARD = "gnu++14";
				CLANG_CXX_LIBRARY = "libc++";
				CLANG_ENABLE_MODULES = YES;
				CLANG_ENABLE_OBJC_ARC = YES;
				CLANG_ENABLE_OBJC_WEAK = YES;
				CLANG_WARN_BLOCK_CAPTURE_AUTORELEASING = YES;
				CLANG_WARN_BOOL_CONVERSION = YES;
				CLANG_WARN_COMMA = YES;
				CLANG_WARN_CONSTANT_CONVERSION = YES;
				CLANG_WARN_DEPRECATED_OBJC_IMPLEMENTATIONS = YES;
				CLANG_WARN_DIRECT_OBJC_ISA_USAGE = YES_ERROR;
				CLANG_WARN_DOCUMENTATION_COMMENTS = YES;
				CLANG_WARN_EMPTY_BODY = YES;
				CLANG_WARN_ENUM_CONVERSION = YES;
				CLANG_WARN_INFINITE_RECURSION = YES;
				CLANG_WARN_INT_CONVERSION = YES;
				CLANG_WARN_NON_LITERAL_NULL_CONVERSION = YES;
				CLANG_WARN_OBJC_IMPLICIT_RETAIN_SELF = YES;
				CLANG_WARN_OBJC_LITERAL_CONVERSION = YES;
				CLANG_WARN_OBJC_ROOT_CLASS = YES_ERROR;
				CLANG_WARN_RANGE_LOOP_ANALYSIS = YES;
				CLANG_WARN_STRICT_PROTOTYPES = YES;
				CLANG_WARN_SUSPICIOUS_MOVE = YES;
				CLANG_WARN_UNGUARDED_AVAILABILITY = YES_AGGRESSIVE;
				CLANG_WARN_UNREACHABLE_CODE = YES;
				CLANG_WARN__DUPLICATE_METHOD_MATCH = YES;
				COPY_PHASE_STRIP = NO;
				DEBUG_INFORMATION_FORMAT = "dwarf-with-dsym";
				ENABLE_NS_ASSERTIONS = NO;
				ENABLE_STRICT_OBJC_MSGSEND = YES;
				GCC_C_LANGUAGE_STANDARD = gnu11;
				GCC_NO_COMMON_BLOCKS = YES;
				GCC_WARN_64_TO_32_BIT_CONVERSION = YES;
				GCC_WARN_ABOUT_RETURN_TYPE = YES_ERROR;
				GCC_WARN_UNDECLARED_SELECTOR = YES;
				GCC_WARN_UNINITIALIZED_AUTOS = YES_AGGRESSIVE;
				GCC_WARN_UNUSED_FUNCTION = YES;
				GCC_WARN_UNUSED_VARIABLE = YES;
				IPHONEOS_DEPLOYMENT_TARGET = 13.2;
				MTL_ENABLE_DEBUG_INFO = NO;
				MTL_FAST_MATH = YES;
				SDKROOT = iphoneos;
				SWIFT_COMPILATION_MODE = wholemodule;
				SWIFT_OPTIMIZATION_LEVEL = "-O";
				VALIDATE_PRODUCT = YES;
			};
			name = Release;
		};
		9B23521924376421001FBA46 /* Debug */ = {
			isa = XCBuildConfiguration;
			baseConfigurationReference = 83EC71AE2ACEC10FD6D22006 /* Pods-yanxishe-swift.debug.xcconfig */;
			buildSettings = {
				ASSETCATALOG_COMPILER_APPICON_NAME = AppIcon;
				CODE_SIGN_STYLE = Automatic;
				INFOPLIST_FILE = "yanxishe-swift/Main/Info.plist";
				LD_RUNPATH_SEARCH_PATHS = (
					"$(inherited)",
					"@executable_path/Frameworks",
				);
				PRODUCT_BUNDLE_IDENTIFIER = "wjw.yanxishe-swift";
				PRODUCT_NAME = "$(TARGET_NAME)";
				SWIFT_OBJC_BRIDGING_HEADER = "$(SRCROOT)/yanxishe-swift/Main/PrefixHeader.swift";
				SWIFT_VERSION = 5.0;
				TARGETED_DEVICE_FAMILY = "1,2";
			};
			name = Debug;
		};
		9B23521A24376421001FBA46 /* Release */ = {
			isa = XCBuildConfiguration;
			baseConfigurationReference = 20236FD22B47730B8F710A21 /* Pods-yanxishe-swift.release.xcconfig */;
			buildSettings = {
				ASSETCATALOG_COMPILER_APPICON_NAME = AppIcon;
				CODE_SIGN_STYLE = Automatic;
				INFOPLIST_FILE = "yanxishe-swift/Main/Info.plist";
				LD_RUNPATH_SEARCH_PATHS = (
					"$(inherited)",
					"@executable_path/Frameworks",
				);
				PRODUCT_BUNDLE_IDENTIFIER = "wjw.yanxishe-swift";
				PRODUCT_NAME = "$(TARGET_NAME)";
				SWIFT_OBJC_BRIDGING_HEADER = "$(SRCROOT)/yanxishe-swift/Main/PrefixHeader.swift";
				SWIFT_VERSION = 5.0;
				TARGETED_DEVICE_FAMILY = "1,2";
			};
			name = Release;
		};
/* End XCBuildConfiguration section */

/* Begin XCConfigurationList section */
		9B2351FF24376421001FBA46 /* Build configuration list for PBXProject "yanxishe-swift" */ = {
			isa = XCConfigurationList;
			buildConfigurations = (
				9B23521624376421001FBA46 /* Debug */,
				9B23521724376421001FBA46 /* Release */,
			);
			defaultConfigurationIsVisible = 0;
			defaultConfigurationName = Release;
		};
		9B23521824376421001FBA46 /* Build configuration list for PBXNativeTarget "yanxishe-swift" */ = {
			isa = XCConfigurationList;
			buildConfigurations = (
				9B23521924376421001FBA46 /* Debug */,
				9B23521A24376421001FBA46 /* Release */,
			);
			defaultConfigurationIsVisible = 0;
			defaultConfigurationName = Release;
		};
/* End XCConfigurationList section */
	};
	rootObject = 9B2351FC24376421001FBA46 /* Project object */;
}
